Microsoft Visual Studio Solution File, Format Version 12.00
# Visual Studio 14
VisualStudioVersion = 14.0.25123.0
MinimumVisualStudioVersion = 10.0.40219.1
Project("{FAE04EC0-301F-11D3-BF4B-00C04F79EFBC}") = "Assembly-CSharp", "Assembly-CSharp.csproj", "{78A40C11-4BC1-91AB-D276-8E80AC5EC23D}"
EndProject
Project("{FAE04EC0-301F-11D3-BF4B-00C04F79EFBC}") = "Assembly-CSharp-Editor", "Assembly-CSharp-Editor.csproj", "{8BE36CA1-77D2-51FC-7341-AA1D2C1BC1F0}"
EndProject
Global
	GlobalSection(SolutionConfigurationPlatforms) = preSolution
		Debug|Any CPU = Debug|Any CPU
		Release|Any CPU = Release|Any CPU
	EndGlobalSection
	GlobalSection(ProjectConfigurationPlatforms) = postSolution
		{78A40C11-4BC1-91AB-D276-8E80AC5EC23D}.Debug|Any CPU.ActiveCfg = Debug|Any CPU
		{78A40C11-4BC1-91AB-D276-8E80AC5EC23D}.Debug|Any CPU.Build.0 = Debug|Any CPU
		{78A40C11-4BC1-91AB-D276-8E80AC5EC23D}.Release|Any CPU.ActiveCfg = Release|Any CPU
		{78A40C11-4BC1-91AB-D276-8E80AC5EC23D}.Release|Any CPU.Build.0 = Release|Any CPU
		{8BE36CA1-77D2-51FC-7341-AA1D2C1BC1F0}.Debug|Any CPU.ActiveCfg = Debug|Any CPU
		{8BE36CA1-77D2-51FC-7341-AA1D2C1BC1F0}.Debug|Any CPU.Build.0 = Debug|Any CPU
		{8BE36CA1-77D2-51FC-7341-AA1D2C1BC1F0}.Release|Any CPU.ActiveCfg = Release|Any CPU
		{8BE36CA1-77D2-51FC-7341-AA1D2C1BC1F0}.Release|Any CPU.Build.0 = Release|Any CPU
	EndGlobalSection
	GlobalSection(SolutionProperties) = preSolution
		HideSolutionNode = FALSE
	EndGlobalSection
	GlobalSection(MonoDevelopProperties) = preSolution
		StartupItem = Assembly-CSharp.csproj
	EndGlobalSection
EndGlobal
